{
  "name": "@sugoi/mongodb",
  "version": "2.3.1",
  "lockfileVersion": 1,
  "requires": true,
  "dependencies": {
    "@sugoi/core": {
      "version": "2.1.3",
      "resolved": "https://registry.npmjs.org/@sugoi/core/-/core-2.1.3.tgz",
      "integrity": "sha512-IZbe6/QMcHLgXBiSCT7lIXpbSNmM/DMsozli+PPL/oLEmCeWMXfc/A2/qlLGTbghBz+hD/3P/uQi9fMF5In0Qg==",
      "requires": {
        "inversify": "^4.11.1",
        "reflect-metadata": "^0.1.12"
      }
    },
    "@sugoi/orm": {
      "version": "2.3.1",
      "resolved": "https://registry.npmjs.org/@sugoi/orm/-/orm-2.3.1.tgz",
      "integrity": "sha512-qxaoWEBRYPGAgX4ueE4pQ219NGYOb0XrcSITMCYGwOo8CakyBO/4Qv+S3rfz9J5O0wu+Wy5+LMkyJYRQqGaOcA==",
      "requires": {
        "@sugoi/core": "2.1.3"
      }
    },
    "@types/bson": {
      "version": "1.0.8",
      "resolved": "https://registry.npmjs.org/@types/bson/-/bson-1.0.8.tgz",
      "integrity": "sha512-PMa4nkRhLaqwsXQDDTzGbTyCIpej0ERznyAP9fyuGnlsmUbcC4Y25mdqjibYjkOPNyK/BWWUKneruaKHcS3Q8g==",
      "dev": true,
      "requires": {
        "@types/node": "*"
      }
    },
    "@types/events": {
      "version": "1.2.0",
      "resolved": "https://registry.npmjs.org/@types/events/-/events-1.2.0.tgz",
      "integrity": "sha512-KEIlhXnIutzKwRbQkGWb/I4HFqBuUykAdHgDED6xqwXJfONCjF5VoE0cXEiurh3XauygxzeDzgtXUqvLkxFzzA==",
      "dev": true
    },
    "@types/mongodb": {
      "version": "3.0.19",
      "resolved": "https://registry.npmjs.org/@types/mongodb/-/mongodb-3.0.19.tgz",
      "integrity": "sha512-KK30PZmGuCqSJQgb3tozzjy5hpQswMsAuqkO+T8vCUh9bSz1sZGx1nAOu79IzVNh2vBy1Xj46vk4A0PUHN5yBg==",
      "dev": true,
      "requires": {
        "@types/bson": "*",
        "@types/events": "*",
        "@types/node": "*"
      }
    },
    "@types/node": {
      "version": "10.3.0",
      "resolved": "https://registry.npmjs.org/@types/node/-/node-10.3.0.tgz",
      "integrity": "sha512-hWzNviaVFIr1TqcRA8ou49JaSHp+Rfabmnqg2kNvusKqLhPU0rIsGPUj5WJJ7ld4Bb7qdgLmIhLfCD1qS08IVA==",
      "dev": true
    },
    "bson": {
      "version": "1.1.0",
      "resolved": "https://registry.npmjs.org/bson/-/bson-1.1.0.tgz",
      "integrity": "sha512-9Aeai9TacfNtWXOYarkFJRW2CWo+dRon+fuLZYJmvLV3+MiUp0bEI6IAZfXEIg7/Pl/7IWlLaDnhzTsD81etQA=="
    },
    "inversify": {
      "version": "4.13.0",
      "resolved": "https://registry.npmjs.org/inversify/-/inversify-4.13.0.tgz",
      "integrity": "sha512-O5d8y7gKtyRwrvTLZzYET3kdFjqUy58sGpBYMARF13mzqDobpfBXVOPLH7HmnD2VR6Q+1HzZtslGvsdQfeb0SA=="
    },
    "mongodb": {
      "version": "3.1.3",
      "resolved": "https://registry.npmjs.org/mongodb/-/mongodb-3.1.3.tgz",
      "integrity": "sha512-hfzI54/fe+604w5gP+i9aJ5GGVxnquxZ09ZN1cyLTbpnBfDRpj78lN59SBdDRkF1VNTzmM2KcgDWhHHDHcsJxw==",
      "requires": {
        "mongodb-core": "3.1.2"
      }
    },
    "mongodb-core": {
      "version": "3.1.2",
      "resolved": "https://registry.npmjs.org/mongodb-core/-/mongodb-core-3.1.2.tgz",
      "integrity": "sha512-R2XxGzsmhlUeOK2jKATj1TWn3q3qNcJpKrSh0rhaBSHxJmV7WZ+ikjocdY8VdJxUkKqOxM8rxMqOAEzeJ3p1ww==",
      "requires": {
        "bson": "^1.1.0",
        "require_optional": "^1.0.1",
        "saslprep": "^1.0.0"
      }
    },
    "reflect-metadata": {
      "version": "0.1.12",
      "resolved": "https://registry.npmjs.org/reflect-metadata/-/reflect-metadata-0.1.12.tgz",
      "integrity": "sha512-n+IyV+nGz3+0q3/Yf1ra12KpCyi001bi4XFxSjbiWWjfqb52iTTtpGXmCCAOWWIAn9KEuFZKGqBERHmrtScZ3A=="
    },
    "require_optional": {
      "version": "1.0.1",
      "resolved": "https://registry.npmjs.org/require_optional/-/require_optional-1.0.1.tgz",
      "integrity": "sha512-qhM/y57enGWHAe3v/NcwML6a3/vfESLe/sGM2dII+gEO0BpKRUkWZow/tyloNqJyN6kXSl3RyyM8Ll5D/sJP8g==",
      "requires": {
        "resolve-from": "^2.0.0",
        "semver": "^5.1.0"
      }
    },
    "resolve-from": {
      "version": "2.0.0",
      "resolved": "https://registry.npmjs.org/resolve-from/-/resolve-from-2.0.0.tgz",
      "integrity": "sha1-lICrIOlP+h2egKgEx+oUdhGWa1c="
    },
    "saslprep": {
      "version": "1.0.1",
      "resolved": "https://registry.npmjs.org/saslprep/-/saslprep-1.0.1.tgz",
      "integrity": "sha512-ntN6SbE3hRqd45PKKadRPgA+xHPWg5lPSj2JWJdJvjTwXDDfkPVtXWvP8jJojvnm+rAsZ2b299C5NwZqq818EA==",
      "optional": true
    },
    "semver": {
      "version": "5.5.1",
      "resolved": "https://registry.npmjs.org/semver/-/semver-5.5.1.tgz",
      "integrity": "sha512-PqpAxfrEhlSUWge8dwIp4tZnQ25DIOthpiaHNIthsjEFQD6EvqUKUDM7L8O2rShkFccYo1VjJR0coWfNkCubRw=="
    }
  }
}
